// !$*UTF8*$!
{
	archiveVersion = 1;
	classes = {
	};
	objectVersion = 56;
	objects = {

/* Begin PBXBuildFile section */
		5D5D170E2B685F2A00545658 /* AppDelegate.swift in Sources */ = {isa = PBXBuildFile; fileRef = 5D5D170D2B685F2A00545658 /* AppDelegate.swift */; };
		5D5D17102B685F2A00545658 /* SceneDelegate.swift in Sources */ = {isa = PBXBuildFile; fileRef = 5D5D170F2B685F2A00545658 /* SceneDelegate.swift */; };
		5D5D17122B685F2A00545658 /* ViewController.swift in Sources */ = {isa = PBXBuildFile; fileRef = 5D5D17112B685F2A00545658 /* ViewController.swift */; };
		5D5D17152B685F2A00545658 /* Main.storyboard in Resources */ = {isa = PBXBuildFile; fileRef = 5D5D17132B685F2A00545658 /* Main.storyboard */; };
		5D5D17172B685F2C00545658 /* Assets.xcassets in Resources */ = {isa = PBXBuildFile; fileRef = 5D5D17162B685F2C00545658 /* Assets.xcassets */; };
		5D5D171A2B685F2C00545658 /* LaunchScreen.storyboard in Resources */ = {isa = PBXBuildFile; fileRef = 5D5D17182B685F2C00545658 /* LaunchScreen.storyboard */; };
		5D5D17292B6864DD00545658 /* A.wav in Resources */ = {isa = PBXBuildFile; fileRef = 5D5D17222B6864DD00545658 /* A.wav */; };
		5D5D172A2B6864DD00545658 /* C.wav in Resources */ = {isa = PBXBuildFile; fileRef = 5D5D17232B6864DD00545658 /* C.wav */; };
		5D5D172B2B6864DD00545658 /* B.wav in Resources */ = {isa = PBXBuildFile; fileRef = 5D5D17242B6864DD00545658 /* B.wav */; };
		5D5D172C2B6864DD00545658 /* F.wav in Resources */ = {isa = PBXBuildFile; fileRef = 5D5D17252B6864DD00545658 /* F.wav */; };
		5D5D172D2B6864DD00545658 /* G.wav in Resources */ = {isa = PBXBuildFile; fileRef = 5D5D17262B6864DD00545658 /* G.wav */; };
		5D5D172E2B6864DD00545658 /* E.wav in Resources */ = {isa = PBXBuildFile; fileRef = 5D5D17272B6864DD00545658 /* E.wav */; };
		5D5D172F2B6864DD00545658 /* D.wav in Resources */ = {isa = PBXBuildFile; fileRef = 5D5D17282B6864DD00545658 /* D.wav */; };
/* End PBXBuildFile section */

/* Begin PBXFileReference section */
		5D5D170A2B685F2A00545658 /* Sound.app */ = {isa = PBXFileReference; explicitFileType = wrapper.application; includeInIndex = 0; path = Sound.app; sourceTree = BUILT_PRODUCTS_DIR; };
		5D5D170D2B685F2A00545658 /* AppDelegate.swift */ = {isa = PBXFileReference; lastKnownFileType = sourcecode.swift; path = AppDelegate.swift; sourceTree = "<group>"; };
		5D5D170F2B685F2A00545658 /* SceneDelegate.swift */ = {isa = PBXFileReference; lastKnownFileType = sourcecode.swift; path = SceneDelegate.swift; sourceTree = "<group>"; };
		5D5D17112B685F2A00545658 /* ViewController.swift */ = {isa = PBXFileReference; lastKnownFileType = sourcecode.swift; path = ViewController.swift; sourceTree = "<group>"; };
		5D5D17142B685F2A00545658 /* Base */ = {isa = PBXFileReference; lastKnownFileType = file.storyboard; name = Base; path = Base.lproj/Main.storyboard; sourceTree = "<group>"; };
		5D5D17162B685F2C00545658 /* Assets.xcassets */ = {isa = PBXFileReference; lastKnownFileType = folder.assetcatalog; path = Assets.xcassets; sourceTree = "<group>"; };
		5D5D17192B685F2C00545658 /* Base */ = {isa = PBXFileReference; lastKnownFileType = file.storyboard; name = Base; path = Base.lproj/LaunchScreen.storyboard; sourceTree = "<group>"; };
		5D5D171B2B685F2C00545658 /* Info.plist */ = {isa = PBXFileReference; lastKnownFileType = text.plist.xml; path = Info.plist; sourceTree = "<group>"; };
		5D5D17222B6864DD00545658 /* A.wav */ = {isa = PBXFileReference; lastKnownFileType = audio.wav; path = A.wav; sourceTree = "<group>"; };
		5D5D17232B6864DD00545658 /* C.wav */ = {isa = PBXFileReference; lastKnownFileType = audio.wav; path = C.wav; sourceTree = "<group>"; };
		5D5D17242B6864DD00545658 /* B.wav */ = {isa = PBXFileReference; lastKnownFileType = audio.wav; path = B.wav; sourceTree = "<group>"; };
		5D5D17252B6864DD00545658 /* F.wav */ = {isa = PBXFileReference; lastKnownFileType = audio.wav; path = F.wav; sourceTree = "<group>"; };
		5D5D17262B6864DD00545658 /* G.wav */ = {isa = PBXFileReference; lastKnownFileType = audio.wav; path = G.wav; sourceTree = "<group>"; };
		5D5D17272B6864DD00545658 /* E.wav */ = {isa = PBXFileReference; lastKnownFileType = audio.wav; path = E.wav; sourceTree = "<group>"; };
		5D5D17282B6864DD00545658 /* D.wav */ = {isa = PBXFileReference; lastKnownFileType = audio.wav; path = D.wav; sourceTree = "<group>"; };
/* End PBXFileReference section */

/* Begin PBXFrameworksBuildPhase section */
		5D5D17072B685F2A00545658 /* Frameworks */ = {
			isa = PBXFrameworksBuildPhase;
			buildActionMask = 2147483647;
			files = (
			);
			runOnlyForDeploymentPostprocessing = 0;
		};
/* End PBXFrameworksBuildPhase section */

/* Begin PBXGroup section */
		5D5D17012B685F2A00545658 = {
			isa = PBXGroup;
			children = (
				5D5D170C2B685F2A00545658 /* Sound */,
				5D5D170B2B685F2A00545658 /* Products */,
			);
			sourceTree = "<group>";
		};
		5D5D170B2B685F2A00545658 /* Products */ = {
			isa = PBXGroup;
			children = (
				5D5D170A2B685F2A00545658 /* Sound.app */,
			);
			name = Products;
			sourceTree = "<group>";
		};
		5D5D170C2B685F2A00545658 /* Sound */ = {
			isa = PBXGroup;
			children = (
				5D5D170D2B685F2A00545658 /* AppDelegate.swift */,
				5D5D170F2B685F2A00545658 /* SceneDelegate.swift */,
				5D5D17112B685F2A00545658 /* ViewController.swift */,
				5D5D17132B685F2A00545658 /* Main.storyboard */,
				5D5D17162B685F2C00545658 /* Assets.xcassets */,
				5D5D17182B685F2C00545658 /* LaunchScreen.storyboard */,
				5D5D171B2B685F2C00545658 /* Info.plist */,
				5D5D17212B6864DD00545658 /* Sounds */,
			);
			path = Sound;
			sourceTree = "<group>";
		};
		5D5D17212B6864DD00545658 /* Sounds */ = {
			isa = PBXGroup;
			children = (
				5D5D17222B6864DD00545658 /* A.wav */,
				5D5D17232B6864DD00545658 /* C.wav */,
				5D5D17242B6864DD00545658 /* B.wav */,
				5D5D17252B6864DD00545658 /* F.wav */,
				5D5D17262B6864DD00545658 /* G.wav */,
				5D5D17272B6864DD00545658 /* E.wav */,
				5D5D17282B6864DD00545658 /* D.wav */,
			);
			path = Sounds;
			sourceTree = "<group>";
		};
/* End PBXGroup section */

/* Begin PBXNativeTarget section */
		5D5D17092B685F2A00545658 /* Sound */ = {
			isa = PBXNativeTarget;
			buildConfigurationList = 5D5D171E2B685F2C00545658 /* Build configuration list for PBXNativeTarget "Sound" */;
			buildPhases = (
				5D5D17062B685F2A00545658 /* Sources */,
				5D5D17072B685F2A00545658 /* Frameworks */,
				5D5D17082B685F2A00545658 /* Resources */,
			);
			buildRules = (
			);
			dependencies = (
			);
			name = Sound;
			productName = Sound;
			productReference = 5D5D170A2B685F2A00545658 /* Sound.app */;
			productType = "com.apple.product-type.application";
		};
/* End PBXNativeTarget section */

/* Begin PBXProject section */
		5D5D17022B685F2A00545658 /* Project object */ = {
			isa = PBXProject;
			attributes = {
				BuildIndependentTargetsInParallel = 1;
				LastSwiftUpdateCheck = 1430;
				LastUpgradeCheck = 1430;
				TargetAttributes = {
					5D5D17092B685F2A00545658 = {
						CreatedOnToolsVersion = 14.3;
					};
				};
			};
			buildConfigurationList = 5D5D17052B685F2A00545658 /* Build configuration list for PBXProject "Sound" */;
			compatibilityVersion = "Xcode 14.0";
			developmentRegion = en;
			hasScannedForEncodings = 0;
			knownRegions = (
				en,
				Base,
			);
			mainGroup = 5D5D17012B685F2A00545658;
			productRefGroup = 5D5D170B2B685F2A00545658 /* Products */;
			projectDirPath = "";
			projectRoot = "";
			targets = (
				5D5D17092B685F2A00545658 /* Sound */,
			);
		};
/* End PBXProject section */

/* Begin PBXResourcesBuildPhase section */
		5D5D17082B685F2A00545658 /* Resources */ = {
			isa = PBXResourcesBuildPhase;
			buildActionMask = 2147483647;
			files = (
				5D5D172D2B6864DD00545658 /* G.wav in Resources */,
				5D5D171A2B685F2C00545658 /* LaunchScreen.storyboard in Resources */,
				5D5D172C2B6864DD00545658 /* F.wav in Resources */,
				5D5D17172B685F2C00545658 /* Assets.xcassets in Resources */,
				5D5D17292B6864DD00545658 /* A.wav in Resources */,
				5D5D172B2B6864DD00545658 /* B.wav in Resources */,
				5D5D172E2B6864DD00545658 /* E.wav in Resources */,
				5D5D172F2B6864DD00545658 /* D.wav in Resources */,
				5D5D17152B685F2A00545658 /* Main.storyboard in Resources */,
				5D5D172A2B6864DD00545658 /* C.wav in Resources */,
			);
			runOnlyForDeploymentPostprocessing = 0;
		};
/* End PBXResourcesBuildPhase section */

/* Begin PBXSourcesBuildPhase section */
		5D5D17062B685F2A00545658 /* Sources */ = {
			isa = PBXSourcesBuildPhase;
			buildActionMask = 2147483647;
			files = (
				5D5D17122B685F2A00545658 /* ViewController.swift in Sources */,
				5D5D170E2B685F2A00545658 /* AppDelegate.swift in Sources */,
				5D5D17102B685F2A00545658 /* SceneDelegate.swift in Sources */,
			);
			runOnlyForDeploymentPostprocessing = 0;
		};
/* End PBXSourcesBuildPhase section */

/* Begin PBXVariantGroup section */
		5D5D17132B685F2A00545658 /* Main.storyboard */ = {
			isa = PBXVariantGroup;
			children = (
				5D5D17142B685F2A00545658 /* Base */,
			);
			name = Main.storyboard;
			sourceTree = "<group>";
		};
		5D5D17182B685F2C00545658 /* LaunchScreen.storyboard */ = {
			isa = PBXVariantGroup;
			children = (
				5D5D17192B685F2C00545658 /* Base */,
			);
			name = LaunchScreen.storyboard;
			sourceTree = "<group>";
		};
/* End PBXVariantGroup section */

/* Begin XCBuildConfiguration section */
		5D5D171C2B685F2C00545658 /* Debug */ = {
			isa = XCBuildConfiguration;
			buildSettings = {
				ALWAYS_SEARCH_USER_PATHS = NO;
				CLANG_ANALYZER_NONNULL = YES;
				CLANG_ANALYZER_NUMBER_OBJECT_CONVERSION = YES_AGGRESSIVE;
				CLANG_CXX_LANGUAGE_STANDARD = "gnu++20";
				CLANG_ENABLE_MODULES = YES;
				CLANG_ENABLE_OBJC_ARC = YES;
				CLANG_ENABLE_OBJC_WEAK = YES;
				CLANG_WARN_BLOCK_CAPTURE_AUTORELEASING = YES;
				CLANG_WARN_BOOL_CONVERSION = YES;
				CLANG_WARN_COMMA = YES;
				CLANG_WARN_CONSTANT_CONVERSION = YES;
				CLANG_WARN_DEPRECATED_OBJC_IMPLEMENTATIONS = YES;
				CLANG_WARN_DIRECT_OBJC_ISA_USAGE = YES_ERROR;
				CLANG_WARN_DOCUMENTATION_COMMENTS = YES;
				CLANG_WARN_EMPTY_BODY = YES;
				CLANG_WARN_ENUM_CONVERSION = YES;
				CLANG_WARN_INFINITE_RECURSION = YES;
				CLANG_WARN_INT_CONVERSION = YES;
				CLANG_WARN_NON_LITERAL_NULL_CONVERSION = YES;
				CLANG_WARN_OBJC_IMPLICIT_RETAIN_SELF = YES;
				CLANG_WARN_OBJC_LITERAL_CONVERSION = YES;
				CLANG_WARN_OBJC_ROOT_CLASS = YES_ERROR;
				CLANG_WARN_QUOTED_INCLUDE_IN_FRAMEWORK_HEADER = YES;
				CLANG_WARN_RANGE_LOOP_ANALYSIS = YES;
				CLANG_WARN_STRICT_PROTOTYPES = YES;
				CLANG_WARN_SUSPICIOUS_MOVE = YES;
				CLANG_WARN_UNGUARDED_AVAILABILITY = YES_AGGRESSIVE;
				CLANG_WARN_UNREACHABLE_CODE = YES;
				CLANG_WARN__DUPLICATE_METHOD_MATCH = YES;
				COPY_PHASE_STRIP = NO;
				DEBUG_INFORMATION_FORMAT = dwarf;
				ENABLE_STRICT_OBJC_MSGSEND = YES;
				ENABLE_TESTABILITY = YES;
				GCC_C_LANGUAGE_STANDARD = gnu11;
				GCC_DYNAMIC_NO_PIC = NO;
				GCC_NO_COMMON_BLOCKS = YES;
				GCC_OPTIMIZATION_LEVEL = 0;
				GCC_PREPROCESSOR_DEFINITIONS = (
					"DEBUG=1",
					"$(inherited)",
				);
				GCC_WARN_64_TO_32_BIT_CONVERSION = YES;
				GCC_WARN_ABOUT_RETURN_TYPE = YES_ERROR;
				GCC_WARN_UNDECLARED_SELECTOR = YES;
				GCC_WARN_UNINITIALIZED_AUTOS = YES_AGGRESSIVE;
				GCC_WARN_UNUSED_FUNCTION = YES;
				GCC_WARN_UNUSED_VARIABLE = YES;
				IPHONEOS_DEPLOYMENT_TARGET = 16.4;
				MTL_ENABLE_DEBUG_INFO = INCLUDE_SOURCE;
				MTL_FAST_MATH = YES;
				ONLY_ACTIVE_ARCH = YES;
				SDKROOT = iphoneos;
				SWIFT_ACTIVE_COMPILATION_CONDITIONS = DEBUG;
				SWIFT_OPTIMIZATION_LEVEL = "-Onone";
			};
			name = Debug;
		};
		5D5D171D2B685F2C00545658 /* Release */ = {
			isa = XCBuildConfiguration;
			buildSettings = {
				ALWAYS_SEARCH_USER_PATHS = NO;
				CLANG_ANALYZER_NONNULL = YES;
				CLANG_ANALYZER_NUMBER_OBJECT_CONVERSION = YES_AGGRESSIVE;
				CLANG_CXX_LANGUAGE_STANDARD = "gnu++20";
				CLANG_ENABLE_MODULES = YES;
				CLANG_ENABLE_OBJC_ARC = YES;
				CLANG_ENABLE_OBJC_WEAK = YES;
				CLANG_WARN_BLOCK_CAPTURE_AUTORELEASING = YES;
				CLANG_WARN_BOOL_CONVERSION = YES;
				CLANG_WARN_COMMA = YES;
				CLANG_WARN_CONSTANT_CONVERSION = YES;
				CLANG_WARN_DEPRECATED_OBJC_IMPLEMENTATIONS = YES;
				CLANG_WARN_DIRECT_OBJC_ISA_USAGE = YES_ERROR;
				CLANG_WARN_DOCUMENTATION_COMMENTS = YES;
				CLANG_WARN_EMPTY_BODY = YES;
				CLANG_WARN_ENUM_CONVERSION = YES;
				CLANG_WARN_INFINITE_RECURSION = YES;
				CLANG_WARN_INT_CONVERSION = YES;
				CLANG_WARN_NON_LITERAL_NULL_CONVERSION = YES;
				CLANG_WARN_OBJC_IMPLICIT_RETAIN_SELF = YES;
				CLANG_WARN_OBJC_LITERAL_CONVERSION = YES;
				CLANG_WARN_OBJC_ROOT_CLASS = YES_ERROR;
				CLANG_WARN_QUOTED_INCLUDE_IN_FRAMEWORK_HEADER = YES;
				CLANG_WARN_RANGE_LOOP_ANALYSIS = YES;
				CLANG_WARN_STRICT_PROTOTYPES = YES;
				CLANG_WARN_SUSPICIOUS_MOVE = YES;
				CLANG_WARN_UNGUARDED_AVAILABILITY = YES_AGGRESSIVE;
				CLANG_WARN_UNREACHABLE_CODE = YES;
				CLANG_WARN__DUPLICATE_METHOD_MATCH = YES;
				COPY_PHASE_STRIP = NO;
				DEBUG_INFORMATION_FORMAT = "dwarf-with-dsym";
				ENABLE_NS_ASSERTIONS = NO;
				ENABLE_STRICT_OBJC_MSGSEND = YES;
				GCC_C_LANGUAGE_STANDARD = gnu11;
				GCC_NO_COMMON_BLOCKS = YES;
				GCC_WARN_64_TO_32_BIT_CONVERSION = YES;
				GCC_WARN_ABOUT_RETURN_TYPE = YES_ERROR;
				GCC_WARN_UNDECLARED_SELECTOR = YES;
				GCC_WARN_UNINITIALIZED_AUTOS = YES_AGGRESSIVE;
				GCC_WARN_UNUSED_FUNCTION = YES;
				GCC_WARN_UNUSED_VARIABLE = YES;
				IPHONEOS_DEPLOYMENT_TARGET = 16.4;
				MTL_ENABLE_DEBUG_INFO = NO;
				MTL_FAST_MATH = YES;
				SDKROOT = iphoneos;
				SWIFT_COMPILATION_MODE = wholemodule;
				SWIFT_OPTIMIZATION_LEVEL = "-O";
				VALIDATE_PRODUCT = YES;
			};
			name = Release;
		};
		5D5D171F2B685F2C00545658 /* Debug */ = {
			isa = XCBuildConfiguration;
			buildSettings = {
				ASSETCATALOG_COMPILER_APPICON_NAME = AppIcon;
				ASSETCATALOG_COMPILER_GLOBAL_ACCENT_COLOR_NAME = AccentColor;
				CODE_SIGN_STYLE = Automatic;
				CURRENT_PROJECT_VERSION = 1;
				GENERATE_INFOPLIST_FILE = YES;
				INFOPLIST_FILE = Sound/Info.plist;
				INFOPLIST_KEY_UIApplicationSupportsIndirectInputEvents = YES;
				INFOPLIST_KEY_UILaunchStoryboardName = LaunchScreen;
				INFOPLIST_KEY_UIMainStoryboardFile = Main;
				INFOPLIST_KEY_UISupportedInterfaceOrientations_iPad = "UIInterfaceOrientationPortrait UIInterfaceOrientationPortraitUpsideDown UIInterfaceOrientationLandscapeLeft UIInterfaceOrientationLandscapeRight";
				INFOPLIST_KEY_UISupportedInterfaceOrientations_iPhone = "UIInterfaceOrientationPortrait UIInterfaceOrientationLandscapeLeft UIInterfaceOrientationLandscapeRight";
				LD_RUNPATH_SEARCH_PATHS = (
					"$(inherited)",
					"@executable_path/Frameworks",
				);
				MARKETING_VERSION = 1.0;
				PRODUCT_BUNDLE_IDENTIFIER = com.lasalle.Sound;
				PRODUCT_NAME = "$(TARGET_NAME)";
				SWIFT_EMIT_LOC_STRINGS = YES;
				SWIFT_VERSION = 5.0;
				TARGETED_DEVICE_FAMILY = "1,2";
			};
			name = Debug;
		};
		5D5D17202B685F2C00545658 /* Release */ = {
			isa = XCBuildConfiguration;
			buildSettings = {
				ASSETCATALOG_COMPILER_APPICON_NAME = AppIcon;
				ASSETCATALOG_COMPILER_GLOBAL_ACCENT_COLOR_NAME = AccentColor;
				CODE_SIGN_STYLE = Automatic;
				CURRENT_PROJECT_VERSION = 1;
				GENERATE_INFOPLIST_FILE = YES;
				INFOPLIST_FILE = Sound/Info.plist;
				INFOPLIST_KEY_UIApplicationSupportsIndirectInputEvents = YES;
				INFOPLIST_KEY_UILaunchStoryboardName = LaunchScreen;
				INFOPLIST_KEY_UIMainStoryboardFile = Main;
				INFOPLIST_KEY_UISupportedInterfaceOrientations_iPad = "UIInterfaceOrientationPortrait UIInterfaceOrientationPortraitUpsideDown UIInterfaceOrientationLandscapeLeft UIInterfaceOrientationLandscapeRight";
				INFOPLIST_KEY_UISupportedInterfaceOrientations_iPhone = "UIInterfaceOrientationPortrait UIInterfaceOrientationLandscapeLeft UIInterfaceOrientationLandscapeRight";
				LD_RUNPATH_SEARCH_PATHS = (
					"$(inherited)",
					"@executable_path/Frameworks",
				);
				MARKETING_VERSION = 1.0;
				PRODUCT_BUNDLE_IDENTIFIER = com.lasalle.Sound;
				PRODUCT_NAME = "$(TARGET_NAME)";
				SWIFT_EMIT_LOC_STRINGS = YES;
				SWIFT_VERSION = 5.0;
				TARGETED_DEVICE_FAMILY = "1,2";
			};
			name = Release;
		};
/* End XCBuildConfiguration section */

/* Begin XCConfigurationList section */
		5D5D17052B685F2A00545658 /* Build configuration list for PBXProject "Sound" */ = {
			isa = XCConfigurationList;
			buildConfigurations = (
				5D5D171C2B685F2C00545658 /* Debug */,
				5D5D171D2B685F2C00545658 /* Release */,
			);
			defaultConfigurationIsVisible = 0;
			defaultConfigurationName = Release;
		};
		5D5D171E2B685F2C00545658 /* Build configuration list for PBXNativeTarget "Sound" */ = {
			isa = XCConfigurationList;
			buildConfigurations = (
				5D5D171F2B685F2C00545658 /* Debug */,
				5D5D17202B685F2C00545658 /* Release */,
			);
			defaultConfigurationIsVisible = 0;
			defaultConfigurationName = Release;
		};
/* End XCConfigurationList section */
	};
	rootObject = 5D5D17022B685F2A00545658 /* Project object */;
}
